
Microsoft Visual Studio Solution File, Format Version 12.00
# Visual Studio 15
VisualStudioVersion = 15.0.27004.2005
MinimumVisualStudioVersion = 10.0.40219.1
Project("{FAE04EC0-301F-11D3-BF4B-00C04F79EFBC}") = "camera_console", "CapCap\camera_console.csproj", "{0DBFFF5C-B306-4F99-9F50-E9D62AC771F5}"
EndProject
Global
	GlobalSection(SolutionConfigurationPlatforms) = preSolution
		Debug|Any CPU = Debug|Any CPU
		Release|Any CPU = Release|Any CPU
	EndGlobalSection
	GlobalSection(ProjectConfigurationPlatforms) = postSolution
		{0DBFFF5C-B306-4F99-9F50-E9D62AC771F5}.Debug|Any CPU.ActiveCfg = Debug|Any CPU
		{0DBFFF5C-B306-4F99-9F50-E9D62AC771F5}.Debug|Any CPU.Build.0 = Debug|Any CPU
		{0DBFFF5C-B306-4F99-9F50-E9D62AC771F5}.Release|Any CPU.ActiveCfg = Release|Any CPU
		{0DBFFF5C-B306-4F99-9F50-E9D62AC771F5}.Release|Any CPU.Build.0 = Release|Any CPU
	EndGlobalSection
	GlobalSection(SolutionProperties) = preSolution
		HideSolutionNode = FALSE
	EndGlobalSection
	GlobalSection(ExtensibilityGlobals) = postSolution
		SolutionGuid = {D825D1F0-635A-4A51-BBD8-1FD4E24962BE}
	EndGlobalSection
EndGlobal
